{
  "version": 4,
  "terraform_version": "1.9.3",
  "serial": 69,
  "lineage": "eac7028c-3704-e083-1ff6-c6abd0321e28",
  "outputs": {
    "private_key": {
      "value": "-----BEGIN RSA PRIVATE KEY-----\nMIIJKwIBAAKCAgEA6V6LritsXvVUipOGR9aS1Jd+MCBfxgK/UyOnu2MrFtMRpSr4\na1ntRaLS0HScQwk/wIhkJ6zezTeCpyL/O04zQzBBcsxvHewJOqxN4pg+e5FiUQKT\n6pYEit9fzxGrG05Y7++PJDjCVeOKsy1xuk3EW02VCRfzy1tMrkyBbVXzBEPJ/6Nu\ni5DPHbhto8jp0yA+KQg1xdT7vjjyfBzaPuW6MBojy78JgvfYHwptlme186EBakrm\nk7ac2k1RhL++TMgGphlIfBSt8tHVhwaFBkLPuOBAamDF1stdJBju+4YuCW4Tf5sx\nz/65AIFj+tlxy9dOvpUE0wdPbVZMMBfY0rgy/nytfBXlfcKHxgC8ItcZAU4wwT5P\nSomh2iu2EPjl7eex9/BQMMLlNVvzL0jQUTk+WMG0/YYSGtmJGXxklaYrv8AOOG1D\nFblwkYbt6hURuwtACZPmb0ch3Ltw4XZxz0RI2QeJARR7agTjAacNOke5QRhVpn/p\n+0hIWCEOYL1rRKpSOhXg3X0i3YNZLcgxVaNzjVlTLbuM7ULJ2wXmjHywEFfFUJcp\n0rRlo8culM7Z29r2fvQDMlhyC0tH7Of1AZaVjoh37ZCd/55KJ2PICvFke8ErzTz/\ndISu2Co2Up0luAC1dpySRb23Q7nLzj8epphGIZuMjGNnMC0oX1As6358eJECAwEA\nAQKCAgEAkgkDGau8tjOJgupMZloFKhne8ljf9fY0Kd+vD9k/1pmgeh5ItEzi6Oe6\nSo4eVujLxzzSh+1qwzrQfKyu0TrfY1UoL6F0i2HwaJH4byrcNtFEl/MoAu17zDd6\nKgchbwX5K7Rae8009zBb1EJE39PYY1ZKRBWEDyaD9rKTb4sQdwPAvUNVYursYOnP\nWmXYxLBxlZW4qKLeIixauYYIoMF7YKyK5+4VEqrryIjrCOq/dsSzMQPMBHWK9CTc\nNVkTydKGLpy1ukfqjn/2wfc3eTKH8GYMiUUjqIU8NOGRcz6FQotqkjjY1BLPTFyr\n5wb5ahjDAwoXqcLyVjZhmNrjaQGxjlMK7O/0BXjVdL3MmMl7hRhihCRAu+dbLkh4\nVOTFAxTs9r3HuXIc6jHcKwAg+O9oUtZ5aAJ0kMiDqsR/dHk60acW5ytkWn2LF3go\neL80pcm6o2RAgdAzsD9IXaoO2BuK4HzMtAIIMgCST5jg7YjlBUTTkHZgKad4uGKT\nIX+DEzehTXDoAy/dJvLizP69V0NA2zjPWP7DYQWMYzyDFXlxmd/n7yS5DsfViixX\ntT0aO4rcC+lDjTUwUt0U5WEqBDySTDGuhAnM5+7cdJ+iyP7IM4iah6VmK/znr0S6\ntiAhVX685wcwL3TbQI/9JA76YfO8Vb5okK8SwSTfsX25l8vb51ECggEBAPszq3o/\n5ahNVoJq/oQiB6rDSHvdWro1m6MuJ1DyUmaGt+UqbFjzTSC85x5IoGgrhTdZvVy0\nE8ArA7lOf35U1dNfzzNIgmdc2Az7s+tjMYPHNGFwlcmWp8+FI49tcmpLu78AVgro\nHyOrcS3/9jvJkbcyCi2x9AGTa9Sejn9uoiSBHLGgg2WhmW7lDu3uq2sIGC2W0idO\n+ZSi3DeRpu8tykVzcyT0IvrZ0ZbpgvitBooDdeMpkk3WaMlW5c5ZnH1Q1xmfsU2B\nUQVJY4U1ciSyqYvPrX+FsphcK6q8YitsRNQILiM4+ImMobRBLMu3FdXIELuxhxs7\nMyKobA4Iy/r0E/0CggEBAO3TrZiZ1MWFjQexnKLjaI0G1W7f+UkO8A1ONRFaKXQF\nxIYhBZCjZZBsJAWTg1iPOeVBFiCWTmDrW3r/6HiBiIcStaRZbt91uje10ZCp4Wxz\n9o5nGuLDvWIR5p/CQ0GHVfouI2bVPc3CENsGy9jvDbgc9GFyLLHDzJYSuWZ6Av3w\nZOhSVDZge6EWGDa2QivVrcCiYpHWHriMoFr/i/rQ6UvhbGhjsdqj9a6+i8k1A0bz\nrgb41VbVr+tq/eLZBAQSni1T+6plcweQGjSBwFv6PDiuKf2FolF5WxcpnxPp0Sg0\nePTzKYd4i7d3MSvNrrjAthBpcu9l+86wE1WlxVq/eSUCggEBAMnKegecaLpIViQy\nGv6973bHpOSLrqRDCCGPo9msr3DY68TVzW+vEtgnp2l2YhUMUNlj53Ae4HbQlw82\n9cfgElzYbDQAHXE27f+P+rouVspLLdLQhCMKOQfFJgnDm9Ozvr/yXywnx0v6HtMa\n+QySIdIOCosmlqLlcAu+yy2nC+1TIl+2V5c+t2iT7OhJf75dJD8LFwqosGksYsbo\n5Dbii8g6s9aNn8PvUiRutN1a8RPRL9QpwvNwN4D1o2meJs2sMP7Of7mJFjKu/5k0\nk9rTAsvjKrZ0CkHGWPWwmxPSx3+kipuU2mJ0bDnG2VtUWd//9SExvRys86j1rsef\nXWzcwWkCggEBAKhXPjiXIrGRn8sDYIE4AMhaPvdVWEnrZeW1JwEaVd9HOd1LQHop\n/nkk4raDvOQRtYRd9sCoQ+B8l+tPewjZf39EsggcOcu4tFA8xZLlfKfcyXfw6Wn7\n7XCehSUuR5b5qdUFlY9zf2TGalHu1JnAVHCvJhhXzeUiWA0eQdeUo8uFvpdnty4q\nSzgxwH/xsJMAlBWXm7fo3SP6foMLAdVOzOQmMysM7lZ52iyPubh5atFtKRDMT45A\ngV5dBErvG9WaLBafrLLnTm3bBYGHGlbAoKHqPdSzI7sR8HVLw8s/pQoVYkzYVdwL\narI5jzeXRoaF+hlR2sYz5PJfVcA5L6HViHUCggEBAOdRPCagBUjqqDTKht+sA4pr\nYw0MoNDnVTxyzS8vi7JUWYwrTyhUju96ww0bkTbcdRF6uj5bHK2C29qJIjOq7asz\nGWo8Y/mB1aNnhUjv74o/eBXQRGfLe49vKkf0nAoUyYTsg4voZaTOnzW3Jv0ruMve\nnYzXr7j1NLqCSPtIHzfELWSyoRzrJuqY4fGuRmsidlf1CuDD82Gl7PDsS3DFhTRZ\nXwLKOZfREE/RqZEOiKKLM/Zc6KHNwcMdC0iCkprmobKMHdOGHv834vIWYUWMaqrf\nwjdXJLBbXgQcIj2r62rkAnYXXc4+jn4piZALxwV2emdXdLs7T9+K/F9H7pWm4CE=\n-----END RSA PRIVATE KEY-----\n",
      "type": "string",
      "sensitive": true
    }
  },
  "resources": [
    {
      "mode": "data",
      "type": "aws_ami",
      "name": "ubuntu",
      "provider": "provider[\"registry.terraform.io/hashicorp/aws\"]",
      "instances": [
        {
          "schema_version": 0,
          "attributes": {
            "architecture": "x86_64",
            "arn": "arn:aws:ec2:us-east-1::image/ami-03e31863b8e1f70a5",
            "block_device_mappings": [
              {
                "device_name": "/dev/sda1",
                "ebs": {
                  "delete_on_termination": "true",
                  "encrypted": "false",
                  "iops": "0",
                  "snapshot_id": "snap-0c6577dfaa05df03f",
                  "throughput": "0",
                  "volume_size": "8",
                  "volume_type": "gp2"
                },
                "no_device": "",
                "virtual_name": ""
              },
              {
                "device_name": "/dev/sdb",
                "ebs": {},
                "no_device": "",
                "virtual_name": "ephemeral0"
              },
              {
                "device_name": "/dev/sdc",
                "ebs": {},
                "no_device": "",
                "virtual_name": "ephemeral1"
              }
            ],
            "boot_mode": "uefi-preferred",
            "creation_date": "2024-08-01T03:40:59.000Z",
            "deprecation_time": "2026-08-01T03:40:59.000Z",
            "description": "Canonical, Ubuntu, 22.04 LTS, amd64 jammy image build on 2024-08-01",
            "ena_support": true,
            "executable_users": null,
            "filter": [
              {
                "name": "name",
                "values": [
                  "ubuntu/images/hvm-ssd/ubuntu-jammy-22.04-amd64-server-*"
                ]
              },
              {
                "name": "virtualization-type",
                "values": [
                  "hvm"
                ]
              }
            ],
            "hypervisor": "xen",
            "id": "ami-03e31863b8e1f70a5",
            "image_id": "ami-03e31863b8e1f70a5",
            "image_location": "amazon/ubuntu/images/hvm-ssd/ubuntu-jammy-22.04-amd64-server-20240801",
            "image_owner_alias": "amazon",
            "image_type": "machine",
            "imds_support": "v2.0",
            "include_deprecated": false,
            "kernel_id": "",
            "most_recent": true,
            "name": "ubuntu/images/hvm-ssd/ubuntu-jammy-22.04-amd64-server-20240801",
            "name_regex": null,
            "owner_id": "099720109477",
            "owners": [
              "099720109477"
            ],
            "platform": "",
            "platform_details": "Linux/UNIX",
            "product_codes": [],
            "public": true,
            "ramdisk_id": "",
            "root_device_name": "/dev/sda1",
            "root_device_type": "ebs",
            "root_snapshot_id": "snap-0c6577dfaa05df03f",
            "sriov_net_support": "simple",
            "state": "available",
            "state_reason": {
              "code": "UNSET",
              "message": "UNSET"
            },
            "tags": {},
            "timeouts": null,
            "tpm_support": "",
            "usage_operation": "RunInstances",
            "virtualization_type": "hvm"
          },
          "sensitive_attributes": []
        }
      ]
    },
    {
      "mode": "managed",
      "type": "aws_eip",
      "name": "nat",
      "provider": "provider[\"registry.terraform.io/hashicorp/aws\"]",
      "instances": [
        {
          "schema_version": 0,
          "attributes": {
            "address": null,
            "allocation_id": "eipalloc-03f2ca844fcc9c25c",
            "arn": "arn:aws:ec2:us-east-1:992382567875:elastic-ip/eipalloc-03f2ca844fcc9c25c",
            "associate_with_private_ip": null,
            "association_id": "",
            "carrier_ip": "",
            "customer_owned_ip": "",
            "customer_owned_ipv4_pool": "",
            "domain": "vpc",
            "id": "eipalloc-03f2ca844fcc9c25c",
            "instance": "",
            "network_border_group": "us-east-1",
            "network_interface": "",
            "private_dns": null,
            "private_ip": "",
            "ptr_record": "",
            "public_dns": "ec2-3-212-138-8.compute-1.amazonaws.com",
            "public_ip": "3.212.138.8",
            "public_ipv4_pool": "amazon",
            "tags": null,
            "tags_all": {},
            "timeouts": null,
            "vpc": true
          },
          "sensitive_attributes": [],
          "private": "eyJlMmJmYjczMC1lY2FhLTExZTYtOGY4OC0zNDM2M2JjN2M0YzAiOnsiZGVsZXRlIjoxODAwMDAwMDAwMDAsInJlYWQiOjkwMDAwMDAwMDAwMCwidXBkYXRlIjozMDAwMDAwMDAwMDB9fQ==",
          "dependencies": [
            "aws_internet_gateway.ig",
            "aws_vpc.default"
          ]
        }
      ]
    },
    {
      "mode": "managed",
      "type": "aws_instance",
      "name": "private",
      "provider": "provider[\"registry.terraform.io/hashicorp/aws\"]",
      "instances": [
        {
          "schema_version": 1,
          "attributes": {
            "ami": "ami-03e31863b8e1f70a5",
            "arn": "arn:aws:ec2:us-east-1:992382567875:instance/i-077948496d78e1a3a",
            "associate_public_ip_address": false,
            "availability_zone": "us-east-1f",
            "capacity_reservation_specification": [
              {
                "capacity_reservation_preference": "open",
                "capacity_reservation_target": []
              }
            ],
            "cpu_core_count": 1,
            "cpu_options": [
              {
                "amd_sev_snp": "",
                "core_count": 1,
                "threads_per_core": 1
              }
            ],
            "cpu_threads_per_core": 1,
            "credit_specification": [
              {
                "cpu_credits": "standard"
              }
            ],
            "disable_api_stop": false,
            "disable_api_termination": false,
            "ebs_block_device": [],
            "ebs_optimized": false,
            "enclave_options": [
              {
                "enabled": false
              }
            ],
            "ephemeral_block_device": [],
            "get_password_data": false,
            "hibernation": false,
            "host_id": "",
            "host_resource_group_arn": null,
            "iam_instance_profile": "",
            "id": "i-077948496d78e1a3a",
            "instance_initiated_shutdown_behavior": "stop",
            "instance_lifecycle": "",
            "instance_market_options": [],
            "instance_state": "running",
            "instance_type": "t2.micro",
            "ipv6_address_count": 0,
            "ipv6_addresses": [],
            "key_name": "eclizator",
            "launch_template": [],
            "maintenance_options": [
              {
                "auto_recovery": "default"
              }
            ],
            "metadata_options": [
              {
                "http_endpoint": "enabled",
                "http_protocol_ipv6": "disabled",
                "http_put_response_hop_limit": 2,
                "http_tokens": "required",
                "instance_metadata_tags": "disabled"
              }
            ],
            "monitoring": false,
            "network_interface": [],
            "outpost_arn": "",
            "password_data": "",
            "placement_group": "",
            "placement_partition_number": 0,
            "primary_network_interface_id": "eni-0745900c19452aec8",
            "private_dns": "ip-10-0-44-118.ec2.internal",
            "private_dns_name_options": [
              {
                "enable_resource_name_dns_a_record": false,
                "enable_resource_name_dns_aaaa_record": false,
                "hostname_type": "ip-name"
              }
            ],
            "private_ip": "10.0.44.118",
            "public_dns": "",
            "public_ip": "",
            "root_block_device": [
              {
                "delete_on_termination": true,
                "device_name": "/dev/sda1",
                "encrypted": false,
                "iops": 100,
                "kms_key_id": "",
                "tags": {},
                "tags_all": {},
                "throughput": 0,
                "volume_id": "vol-092898ab72812353f",
                "volume_size": 8,
                "volume_type": "gp2"
              }
            ],
            "secondary_private_ips": [],
            "security_groups": [
              "sg-0ba47a76a1373a383"
            ],
            "source_dest_check": true,
            "spot_instance_request_id": "",
            "subnet_id": "subnet-0cdf47510eecba31d",
            "tags": {
              "Name": "eclizator-private",
              "homework": "Homework_terraform",
              "student": "eclizator"
            },
            "tags_all": {
              "Name": "eclizator-private",
              "homework": "Homework_terraform",
              "student": "eclizator"
            },
            "tenancy": "default",
            "timeouts": null,
            "user_data": null,
            "user_data_base64": null,
            "user_data_replace_on_change": false,
            "volume_tags": null,
            "vpc_security_group_ids": [
              "sg-0ba47a76a1373a383"
            ]
          },
          "sensitive_attributes": [],
          "private": "eyJlMmJmYjczMC1lY2FhLTExZTYtOGY4OC0zNDM2M2JjN2M0YzAiOnsiY3JlYXRlIjo2MDAwMDAwMDAwMDAsImRlbGV0ZSI6MTIwMDAwMDAwMDAwMCwicmVhZCI6OTAwMDAwMDAwMDAwLCJ1cGRhdGUiOjYwMDAwMDAwMDAwMH0sInNjaGVtYV92ZXJzaW9uIjoiMSJ9",
          "dependencies": [
            "aws_key_pair.generated_key",
            "aws_security_group.private",
            "aws_subnet.private",
            "aws_subnet.public",
            "aws_vpc.default",
            "data.aws_ami.ubuntu",
            "tls_private_key.student"
          ]
        }
      ]
    },
    {
      "mode": "managed",
      "type": "aws_instance",
      "name": "public",
      "provider": "provider[\"registry.terraform.io/hashicorp/aws\"]",
      "instances": [
        {
          "schema_version": 1,
          "attributes": {
            "ami": "ami-03e31863b8e1f70a5",
            "arn": "arn:aws:ec2:us-east-1:992382567875:instance/i-00bc24b4eecd05d09",
            "associate_public_ip_address": true,
            "availability_zone": "us-east-1f",
            "capacity_reservation_specification": [
              {
                "capacity_reservation_preference": "open",
                "capacity_reservation_target": []
              }
            ],
            "cpu_core_count": 1,
            "cpu_options": [
              {
                "amd_sev_snp": "",
                "core_count": 1,
                "threads_per_core": 1
              }
            ],
            "cpu_threads_per_core": 1,
            "credit_specification": [
              {
                "cpu_credits": "standard"
              }
            ],
            "disable_api_stop": false,
            "disable_api_termination": false,
            "ebs_block_device": [],
            "ebs_optimized": false,
            "enclave_options": [
              {
                "enabled": false
              }
            ],
            "ephemeral_block_device": [],
            "get_password_data": false,
            "hibernation": false,
            "host_id": "",
            "host_resource_group_arn": null,
            "iam_instance_profile": "",
            "id": "i-00bc24b4eecd05d09",
            "instance_initiated_shutdown_behavior": "stop",
            "instance_lifecycle": "",
            "instance_market_options": [],
            "instance_state": "running",
            "instance_type": "t2.micro",
            "ipv6_address_count": 0,
            "ipv6_addresses": [],
            "key_name": "eclizator",
            "launch_template": [],
            "maintenance_options": [
              {
                "auto_recovery": "default"
              }
            ],
            "metadata_options": [
              {
                "http_endpoint": "enabled",
                "http_protocol_ipv6": "disabled",
                "http_put_response_hop_limit": 2,
                "http_tokens": "required",
                "instance_metadata_tags": "disabled"
              }
            ],
            "monitoring": false,
            "network_interface": [],
            "outpost_arn": "",
            "password_data": "",
            "placement_group": "",
            "placement_partition_number": 0,
            "primary_network_interface_id": "eni-04561b45ab0343374",
            "private_dns": "ip-10-0-13-107.ec2.internal",
            "private_dns_name_options": [
              {
                "enable_resource_name_dns_a_record": false,
                "enable_resource_name_dns_aaaa_record": false,
                "hostname_type": "ip-name"
              }
            ],
            "private_ip": "10.0.13.107",
            "public_dns": "",
            "public_ip": "44.197.205.179",
            "root_block_device": [
              {
                "delete_on_termination": true,
                "device_name": "/dev/sda1",
                "encrypted": false,
                "iops": 100,
                "kms_key_id": "",
                "tags": {},
                "tags_all": {},
                "throughput": 0,
                "volume_id": "vol-0660a0fb60be27dee",
                "volume_size": 8,
                "volume_type": "gp2"
              }
            ],
            "secondary_private_ips": [],
            "security_groups": [
              "sg-026d61f2dc03e42be"
            ],
            "source_dest_check": true,
            "spot_instance_request_id": "",
            "subnet_id": "subnet-0bfdc7caa7f6797f5",
            "tags": {
              "Name": "eclizator-public",
              "homework": "Homework_terraform",
              "student": "eclizator"
            },
            "tags_all": {
              "Name": "eclizator-public",
              "homework": "Homework_terraform",
              "student": "eclizator"
            },
            "tenancy": "default",
            "timeouts": null,
            "user_data": null,
            "user_data_base64": null,
            "user_data_replace_on_change": false,
            "volume_tags": null,
            "vpc_security_group_ids": [
              "sg-026d61f2dc03e42be"
            ]
          },
          "sensitive_attributes": [],
          "private": "eyJlMmJmYjczMC1lY2FhLTExZTYtOGY4OC0zNDM2M2JjN2M0YzAiOnsiY3JlYXRlIjo2MDAwMDAwMDAwMDAsImRlbGV0ZSI6MTIwMDAwMDAwMDAwMCwicmVhZCI6OTAwMDAwMDAwMDAwLCJ1cGRhdGUiOjYwMDAwMDAwMDAwMH0sInNjaGVtYV92ZXJzaW9uIjoiMSJ9",
          "dependencies": [
            "aws_key_pair.generated_key",
            "aws_security_group.public",
            "aws_subnet.public",
            "aws_vpc.default",
            "data.aws_ami.ubuntu",
            "tls_private_key.student"
          ]
        }
      ]
    },
    {
      "mode": "managed",
      "type": "aws_internet_gateway",
      "name": "ig",
      "provider": "provider[\"registry.terraform.io/hashicorp/aws\"]",
      "instances": [
        {
          "schema_version": 0,
          "attributes": {
            "arn": "arn:aws:ec2:us-east-1:992382567875:internet-gateway/igw-042c7f317fdf5c45e",
            "id": "igw-042c7f317fdf5c45e",
            "owner_id": "992382567875",
            "tags": {
              "Name": "eclizator-ig",
              "homework": "Homework_terraform",
              "student": "eclizator"
            },
            "tags_all": {
              "Name": "eclizator-ig",
              "homework": "Homework_terraform",
              "student": "eclizator"
            },
            "timeouts": null,
            "vpc_id": "vpc-05f30ad296bcdf5c5"
          },
          "sensitive_attributes": [],
          "private": "eyJlMmJmYjczMC1lY2FhLTExZTYtOGY4OC0zNDM2M2JjN2M0YzAiOnsiY3JlYXRlIjoxMjAwMDAwMDAwMDAwLCJkZWxldGUiOjEyMDAwMDAwMDAwMDAsInVwZGF0ZSI6MTIwMDAwMDAwMDAwMH19",
          "dependencies": [
            "aws_vpc.default"
          ]
        }
      ]
    },
    {
      "mode": "managed",
      "type": "aws_key_pair",
      "name": "generated_key",
      "provider": "provider[\"registry.terraform.io/hashicorp/aws\"]",
      "instances": [
        {
          "schema_version": 1,
          "attributes": {
            "arn": "arn:aws:ec2:us-east-1:992382567875:key-pair/eclizator",
            "fingerprint": "38:2b:ac:65:06:b7:d4:c5:d0:0e:2d:9c:bc:9f:8a:2e",
            "id": "eclizator",
            "key_name": "eclizator",
            "key_name_prefix": "",
            "key_pair_id": "key-02b59cbc6e34b0eca",
            "key_type": "rsa",
            "public_key": "ssh-rsa AAAAB3NzaC1yc2EAAAADAQABAAACAQDpXouuK2xe9VSKk4ZH1pLUl34wIF/GAr9TI6e7YysW0xGlKvhrWe1FotLQdJxDCT/AiGQnrN7NN4KnIv87TjNDMEFyzG8d7Ak6rE3imD57kWJRApPqlgSK31/PEasbTljv748kOMJV44qzLXG6TcRbTZUJF/PLW0yuTIFtVfMEQ8n/o26LkM8duG2jyOnTID4pCDXF1Pu+OPJ8HNo+5bowGiPLvwmC99gfCm2WZ7XzoQFqSuaTtpzaTVGEv75MyAamGUh8FK3y0dWHBoUGQs+44EBqYMXWy10kGO77hi4JbhN/mzHP/rkAgWP62XHL106+lQTTB09tVkwwF9jSuDL+fK18FeV9wofGALwi1xkBTjDBPk9KiaHaK7YQ+OXt57H38FAwwuU1W/MvSNBROT5YwbT9hhIa2YkZfGSVpiu/wA44bUMVuXCRhu3qFRG7C0AJk+ZvRyHcu3DhdnHPREjZB4kBFHtqBOMBpw06R7lBGFWmf+n7SEhYIQ5gvWtEqlI6FeDdfSLdg1ktyDFVo3ONWVMtu4ztQsnbBeaMfLAQV8VQlynStGWjxy6Uztnb2vZ+9AMyWHILS0fs5/UBlpWOiHftkJ3/nkonY8gK8WR7wSvNPP90hK7YKjZSnSW4ALV2nJJFvbdDucvOPx6mmEYhm4yMY2cwLShfUCzrfnx4kQ==",
            "tags": null,
            "tags_all": {}
          },
          "sensitive_attributes": [],
          "private": "eyJzY2hlbWFfdmVyc2lvbiI6IjEifQ==",
          "dependencies": [
            "tls_private_key.student"
          ]
        }
      ]
    },
    {
      "mode": "managed",
      "type": "aws_nat_gateway",
      "name": "nat",
      "provider": "provider[\"registry.terraform.io/hashicorp/aws\"]",
      "instances": [
        {
          "schema_version": 0,
          "attributes": {
            "allocation_id": "eipalloc-03f2ca844fcc9c25c",
            "association_id": "eipassoc-0428ba3b5d9474b7d",
            "connectivity_type": "public",
            "id": "nat-0ba365c41e209631c",
            "network_interface_id": "eni-00c59bc843c7aa908",
            "private_ip": "10.0.13.72",
            "public_ip": "3.212.138.8",
            "secondary_allocation_ids": null,
            "secondary_private_ip_address_count": 0,
            "secondary_private_ip_addresses": [],
            "subnet_id": "subnet-0bfdc7caa7f6797f5",
            "tags": {
              "Name": "eclizator-nat",
              "homework": "Homework_terraform",
              "student": "eclizator"
            },
            "tags_all": {
              "Name": "eclizator-nat",
              "homework": "Homework_terraform",
              "student": "eclizator"
            },
            "timeouts": null
          },
          "sensitive_attributes": [],
          "private": "eyJlMmJmYjczMC1lY2FhLTExZTYtOGY4OC0zNDM2M2JjN2M0YzAiOnsiY3JlYXRlIjo2MDAwMDAwMDAwMDAsImRlbGV0ZSI6MTgwMDAwMDAwMDAwMCwidXBkYXRlIjo2MDAwMDAwMDAwMDB9fQ==",
          "dependencies": [
            "aws_eip.nat",
            "aws_internet_gateway.ig",
            "aws_subnet.public",
            "aws_vpc.default"
          ]
        }
      ]
    },
    {
      "mode": "managed",
      "type": "aws_route",
      "name": "private_nat_gateway",
      "provider": "provider[\"registry.terraform.io/hashicorp/aws\"]",
      "instances": [
        {
          "schema_version": 0,
          "attributes": {
            "carrier_gateway_id": "",
            "core_network_arn": "",
            "destination_cidr_block": "0.0.0.0/0",
            "destination_ipv6_cidr_block": "",
            "destination_prefix_list_id": "",
            "egress_only_gateway_id": "",
            "gateway_id": "",
            "id": "r-rtb-0181a645d1bda77cd1080289494",
            "instance_id": "",
            "instance_owner_id": "",
            "local_gateway_id": "",
            "nat_gateway_id": "nat-0ba365c41e209631c",
            "network_interface_id": "",
            "origin": "CreateRoute",
            "route_table_id": "rtb-0181a645d1bda77cd",
            "state": "active",
            "timeouts": null,
            "transit_gateway_id": "",
            "vpc_endpoint_id": "",
            "vpc_peering_connection_id": ""
          },
          "sensitive_attributes": [],
          "private": "eyJlMmJmYjczMC1lY2FhLTExZTYtOGY4OC0zNDM2M2JjN2M0YzAiOnsiY3JlYXRlIjozMDAwMDAwMDAwMDAsImRlbGV0ZSI6MzAwMDAwMDAwMDAwLCJ1cGRhdGUiOjEyMDAwMDAwMDAwMH19",
          "dependencies": [
            "aws_eip.nat",
            "aws_internet_gateway.ig",
            "aws_nat_gateway.nat",
            "aws_route_table.private",
            "aws_subnet.public",
            "aws_vpc.default"
          ]
        }
      ]
    },
    {
      "mode": "managed",
      "type": "aws_route",
      "name": "public_internet_gateway",
      "provider": "provider[\"registry.terraform.io/hashicorp/aws\"]",
      "instances": [
        {
          "schema_version": 0,
          "attributes": {
            "carrier_gateway_id": "",
            "core_network_arn": "",
            "destination_cidr_block": "0.0.0.0/0",
            "destination_ipv6_cidr_block": "",
            "destination_prefix_list_id": "",
            "egress_only_gateway_id": "",
            "gateway_id": "igw-042c7f317fdf5c45e",
            "id": "r-rtb-0bb0d871519a463bb1080289494",
            "instance_id": "",
            "instance_owner_id": "",
            "local_gateway_id": "",
            "nat_gateway_id": "",
            "network_interface_id": "",
            "origin": "CreateRoute",
            "route_table_id": "rtb-0bb0d871519a463bb",
            "state": "active",
            "timeouts": null,
            "transit_gateway_id": "",
            "vpc_endpoint_id": "",
            "vpc_peering_connection_id": ""
          },
          "sensitive_attributes": [],
          "private": "eyJlMmJmYjczMC1lY2FhLTExZTYtOGY4OC0zNDM2M2JjN2M0YzAiOnsiY3JlYXRlIjozMDAwMDAwMDAwMDAsImRlbGV0ZSI6MzAwMDAwMDAwMDAwLCJ1cGRhdGUiOjEyMDAwMDAwMDAwMH19",
          "dependencies": [
            "aws_internet_gateway.ig",
            "aws_route_table.public",
            "aws_vpc.default"
          ]
        }
      ]
    },
    {
      "mode": "managed",
      "type": "aws_route_table",
      "name": "private",
      "provider": "provider[\"registry.terraform.io/hashicorp/aws\"]",
      "instances": [
        {
          "schema_version": 0,
          "attributes": {
            "arn": "arn:aws:ec2:us-east-1:992382567875:route-table/rtb-0181a645d1bda77cd",
            "id": "rtb-0181a645d1bda77cd",
            "owner_id": "992382567875",
            "propagating_vgws": [],
            "route": [],
            "tags": {
              "Name": "eclizator-private",
              "homework": "Homework_terraform",
              "student": "eclizator"
            },
            "tags_all": {
              "Name": "eclizator-private",
              "homework": "Homework_terraform",
              "student": "eclizator"
            },
            "timeouts": null,
            "vpc_id": "vpc-05f30ad296bcdf5c5"
          },
          "sensitive_attributes": [],
          "private": "eyJlMmJmYjczMC1lY2FhLTExZTYtOGY4OC0zNDM2M2JjN2M0YzAiOnsiY3JlYXRlIjozMDAwMDAwMDAwMDAsImRlbGV0ZSI6MzAwMDAwMDAwMDAwLCJ1cGRhdGUiOjEyMDAwMDAwMDAwMH19",
          "dependencies": [
            "aws_vpc.default"
          ]
        }
      ]
    },
    {
      "mode": "managed",
      "type": "aws_route_table",
      "name": "public",
      "provider": "provider[\"registry.terraform.io/hashicorp/aws\"]",
      "instances": [
        {
          "schema_version": 0,
          "attributes": {
            "arn": "arn:aws:ec2:us-east-1:992382567875:route-table/rtb-0bb0d871519a463bb",
            "id": "rtb-0bb0d871519a463bb",
            "owner_id": "992382567875",
            "propagating_vgws": [],
            "route": [],
            "tags": {
              "Name": "eclizator-public",
              "homework": "Homework_terraform",
              "student": "eclizator"
            },
            "tags_all": {
              "Name": "eclizator-public",
              "homework": "Homework_terraform",
              "student": "eclizator"
            },
            "timeouts": null,
            "vpc_id": "vpc-05f30ad296bcdf5c5"
          },
          "sensitive_attributes": [],
          "private": "eyJlMmJmYjczMC1lY2FhLTExZTYtOGY4OC0zNDM2M2JjN2M0YzAiOnsiY3JlYXRlIjozMDAwMDAwMDAwMDAsImRlbGV0ZSI6MzAwMDAwMDAwMDAwLCJ1cGRhdGUiOjEyMDAwMDAwMDAwMH19",
          "dependencies": [
            "aws_vpc.default"
          ]
        }
      ]
    },
    {
      "mode": "managed",
      "type": "aws_route_table_association",
      "name": "private",
      "provider": "provider[\"registry.terraform.io/hashicorp/aws\"]",
      "instances": [
        {
          "schema_version": 0,
          "attributes": {
            "gateway_id": "",
            "id": "rtbassoc-0dc17671db5e86449",
            "route_table_id": "rtb-0181a645d1bda77cd",
            "subnet_id": "subnet-0cdf47510eecba31d",
            "timeouts": null
          },
          "sensitive_attributes": [],
          "private": "eyJlMmJmYjczMC1lY2FhLTExZTYtOGY4OC0zNDM2M2JjN2M0YzAiOnsiY3JlYXRlIjozMDAwMDAwMDAwMDAsImRlbGV0ZSI6MzAwMDAwMDAwMDAwLCJ1cGRhdGUiOjEyMDAwMDAwMDAwMH19",
          "dependencies": [
            "aws_route_table.private",
            "aws_subnet.private",
            "aws_vpc.default"
          ]
        }
      ]
    },
    {
      "mode": "managed",
      "type": "aws_route_table_association",
      "name": "public",
      "provider": "provider[\"registry.terraform.io/hashicorp/aws\"]",
      "instances": [
        {
          "schema_version": 0,
          "attributes": {
            "gateway_id": "",
            "id": "rtbassoc-033c26fda6d39d520",
            "route_table_id": "rtb-0bb0d871519a463bb",
            "subnet_id": "subnet-0bfdc7caa7f6797f5",
            "timeouts": null
          },
          "sensitive_attributes": [],
          "private": "eyJlMmJmYjczMC1lY2FhLTExZTYtOGY4OC0zNDM2M2JjN2M0YzAiOnsiY3JlYXRlIjozMDAwMDAwMDAwMDAsImRlbGV0ZSI6MzAwMDAwMDAwMDAwLCJ1cGRhdGUiOjEyMDAwMDAwMDAwMH19",
          "dependencies": [
            "aws_route_table.public",
            "aws_subnet.public",
            "aws_vpc.default"
          ]
        }
      ]
    },
    {
      "mode": "managed",
      "type": "aws_security_group",
      "name": "private",
      "provider": "provider[\"registry.terraform.io/hashicorp/aws\"]",
      "instances": [
        {
          "schema_version": 1,
          "attributes": {
            "arn": "arn:aws:ec2:us-east-1:992382567875:security-group/sg-0ba47a76a1373a383",
            "description": "Private security group",
            "egress": [
              {
                "cidr_blocks": [
                  "0.0.0.0/0"
                ],
                "description": "",
                "from_port": 0,
                "ipv6_cidr_blocks": [],
                "prefix_list_ids": [],
                "protocol": "-1",
                "security_groups": [],
                "self": false,
                "to_port": 0
              }
            ],
            "id": "sg-0ba47a76a1373a383",
            "ingress": [
              {
                "cidr_blocks": [
                  "10.0.13.0/24"
                ],
                "description": "",
                "from_port": 0,
                "ipv6_cidr_blocks": [],
                "prefix_list_ids": [],
                "protocol": "-1",
                "security_groups": [],
                "self": false,
                "to_port": 0
              }
            ],
            "name": "eclizator-private-sg",
            "name_prefix": "",
            "owner_id": "992382567875",
            "revoke_rules_on_delete": false,
            "tags": {
              "Name": "eclizator-private-sg",
              "homework": "Homework_terraform",
              "student": "eclizator"
            },
            "tags_all": {
              "Name": "eclizator-private-sg",
              "homework": "Homework_terraform",
              "student": "eclizator"
            },
            "timeouts": null,
            "vpc_id": "vpc-05f30ad296bcdf5c5"
          },
          "sensitive_attributes": [],
          "private": "eyJlMmJmYjczMC1lY2FhLTExZTYtOGY4OC0zNDM2M2JjN2M0YzAiOnsiY3JlYXRlIjo2MDAwMDAwMDAwMDAsImRlbGV0ZSI6OTAwMDAwMDAwMDAwfSwic2NoZW1hX3ZlcnNpb24iOiIxIn0=",
          "dependencies": [
            "aws_subnet.public",
            "aws_vpc.default"
          ]
        }
      ]
    },
    {
      "mode": "managed",
      "type": "aws_security_group",
      "name": "public",
      "provider": "provider[\"registry.terraform.io/hashicorp/aws\"]",
      "instances": [
        {
          "schema_version": 1,
          "attributes": {
            "arn": "arn:aws:ec2:us-east-1:992382567875:security-group/sg-026d61f2dc03e42be",
            "description": "Public security group",
            "egress": [
              {
                "cidr_blocks": [
                  "0.0.0.0/0"
                ],
                "description": "",
                "from_port": 0,
                "ipv6_cidr_blocks": [],
                "prefix_list_ids": [],
                "protocol": "-1",
                "security_groups": [],
                "self": false,
                "to_port": 0
              }
            ],
            "id": "sg-026d61f2dc03e42be",
            "ingress": [
              {
                "cidr_blocks": [
                  "0.0.0.0/0"
                ],
                "description": "",
                "from_port": 0,
                "ipv6_cidr_blocks": [],
                "prefix_list_ids": [],
                "protocol": "-1",
                "security_groups": [],
                "self": false,
                "to_port": 0
              }
            ],
            "name": "eclizator-public-sg",
            "name_prefix": "",
            "owner_id": "992382567875",
            "revoke_rules_on_delete": false,
            "tags": {
              "Name": "eclizator-public-sg",
              "homework": "Homework_terraform",
              "student": "eclizator"
            },
            "tags_all": {
              "Name": "eclizator-public-sg",
              "homework": "Homework_terraform",
              "student": "eclizator"
            },
            "timeouts": null,
            "vpc_id": "vpc-05f30ad296bcdf5c5"
          },
          "sensitive_attributes": [],
          "private": "eyJlMmJmYjczMC1lY2FhLTExZTYtOGY4OC0zNDM2M2JjN2M0YzAiOnsiY3JlYXRlIjo2MDAwMDAwMDAwMDAsImRlbGV0ZSI6OTAwMDAwMDAwMDAwfSwic2NoZW1hX3ZlcnNpb24iOiIxIn0=",
          "dependencies": [
            "aws_vpc.default"
          ]
        }
      ]
    },
    {
      "mode": "managed",
      "type": "aws_subnet",
      "name": "private",
      "provider": "provider[\"registry.terraform.io/hashicorp/aws\"]",
      "instances": [
        {
          "schema_version": 1,
          "attributes": {
            "arn": "arn:aws:ec2:us-east-1:992382567875:subnet/subnet-0cdf47510eecba31d",
            "assign_ipv6_address_on_creation": false,
            "availability_zone": "us-east-1f",
            "availability_zone_id": "use1-az5",
            "cidr_block": "10.0.44.0/24",
            "customer_owned_ipv4_pool": "",
            "enable_dns64": false,
            "enable_lni_at_device_index": 0,
            "enable_resource_name_dns_a_record_on_launch": false,
            "enable_resource_name_dns_aaaa_record_on_launch": false,
            "id": "subnet-0cdf47510eecba31d",
            "ipv6_cidr_block": "",
            "ipv6_cidr_block_association_id": "",
            "ipv6_native": false,
            "map_customer_owned_ip_on_launch": false,
            "map_public_ip_on_launch": false,
            "outpost_arn": "",
            "owner_id": "992382567875",
            "private_dns_hostname_type_on_launch": "ip-name",
            "tags": {
              "Name": "eclizator-private",
              "homework": "Homework_terraform",
              "student": "eclizator"
            },
            "tags_all": {
              "Name": "eclizator-private",
              "homework": "Homework_terraform",
              "student": "eclizator"
            },
            "timeouts": null,
            "vpc_id": "vpc-05f30ad296bcdf5c5"
          },
          "sensitive_attributes": [],
          "private": "eyJlMmJmYjczMC1lY2FhLTExZTYtOGY4OC0zNDM2M2JjN2M0YzAiOnsiY3JlYXRlIjo2MDAwMDAwMDAwMDAsImRlbGV0ZSI6MTIwMDAwMDAwMDAwMH0sInNjaGVtYV92ZXJzaW9uIjoiMSJ9",
          "dependencies": [
            "aws_vpc.default"
          ]
        }
      ]
    },
    {
      "mode": "managed",
      "type": "aws_subnet",
      "name": "public",
      "provider": "provider[\"registry.terraform.io/hashicorp/aws\"]",
      "instances": [
        {
          "schema_version": 1,
          "attributes": {
            "arn": "arn:aws:ec2:us-east-1:992382567875:subnet/subnet-0bfdc7caa7f6797f5",
            "assign_ipv6_address_on_creation": false,
            "availability_zone": "us-east-1f",
            "availability_zone_id": "use1-az5",
            "cidr_block": "10.0.13.0/24",
            "customer_owned_ipv4_pool": "",
            "enable_dns64": false,
            "enable_lni_at_device_index": 0,
            "enable_resource_name_dns_a_record_on_launch": false,
            "enable_resource_name_dns_aaaa_record_on_launch": false,
            "id": "subnet-0bfdc7caa7f6797f5",
            "ipv6_cidr_block": "",
            "ipv6_cidr_block_association_id": "",
            "ipv6_native": false,
            "map_customer_owned_ip_on_launch": false,
            "map_public_ip_on_launch": true,
            "outpost_arn": "",
            "owner_id": "992382567875",
            "private_dns_hostname_type_on_launch": "ip-name",
            "tags": {
              "Name": "eclizator-public",
              "homework": "Homework_terraform",
              "student": "eclizator"
            },
            "tags_all": {
              "Name": "eclizator-public",
              "homework": "Homework_terraform",
              "student": "eclizator"
            },
            "timeouts": null,
            "vpc_id": "vpc-05f30ad296bcdf5c5"
          },
          "sensitive_attributes": [],
          "private": "eyJlMmJmYjczMC1lY2FhLTExZTYtOGY4OC0zNDM2M2JjN2M0YzAiOnsiY3JlYXRlIjo2MDAwMDAwMDAwMDAsImRlbGV0ZSI6MTIwMDAwMDAwMDAwMH0sInNjaGVtYV92ZXJzaW9uIjoiMSJ9",
          "dependencies": [
            "aws_vpc.default"
          ]
        }
      ]
    },
    {
      "mode": "managed",
      "type": "aws_vpc",
      "name": "default",
      "provider": "provider[\"registry.terraform.io/hashicorp/aws\"]",
      "instances": [
        {
          "schema_version": 1,
          "attributes": {
            "arn": "arn:aws:ec2:us-east-1:992382567875:vpc/vpc-05f30ad296bcdf5c5",
            "assign_generated_ipv6_cidr_block": false,
            "cidr_block": "10.0.0.0/16",
            "default_network_acl_id": "acl-0cc12b4b1db738943",
            "default_route_table_id": "rtb-0dd50a570df6ad068",
            "default_security_group_id": "sg-052eec1693af1d6a5",
            "dhcp_options_id": "dopt-014e0f91e84e84975",
            "enable_dns_hostnames": false,
            "enable_dns_support": true,
            "enable_network_address_usage_metrics": false,
            "id": "vpc-05f30ad296bcdf5c5",
            "instance_tenancy": "default",
            "ipv4_ipam_pool_id": null,
            "ipv4_netmask_length": null,
            "ipv6_association_id": "",
            "ipv6_cidr_block": "",
            "ipv6_cidr_block_network_border_group": "",
            "ipv6_ipam_pool_id": "",
            "ipv6_netmask_length": 0,
            "main_route_table_id": "rtb-0dd50a570df6ad068",
            "owner_id": "992382567875",
            "tags": {
              "Name": "eclizator-vpc",
              "homework": "Homework_terraform",
              "student": "eclizator"
            },
            "tags_all": {
              "Name": "eclizator-vpc",
              "homework": "Homework_terraform",
              "student": "eclizator"
            }
          },
          "sensitive_attributes": [],
          "private": "eyJzY2hlbWFfdmVyc2lvbiI6IjEifQ=="
        }
      ]
    },
    {
      "mode": "managed",
      "type": "tls_private_key",
      "name": "student",
      "provider": "provider[\"registry.terraform.io/hashicorp/tls\"]",
      "instances": [
        {
          "schema_version": 1,
          "attributes": {
            "algorithm": "RSA",
            "ecdsa_curve": "P224",
            "id": "30ec8adbd4e36598541f9f0becb2daade5e69667",
            "private_key_openssh": "-----BEGIN OPENSSH PRIVATE KEY-----\nb3BlbnNzaC1rZXktdjEAAAAABG5vbmUAAAAEbm9uZQAAAAAAAAABAAACFwAAAAdz\nc2gtcnNhAAAAAwEAAQAAAgEA6V6LritsXvVUipOGR9aS1Jd+MCBfxgK/UyOnu2Mr\nFtMRpSr4a1ntRaLS0HScQwk/wIhkJ6zezTeCpyL/O04zQzBBcsxvHewJOqxN4pg+\ne5FiUQKT6pYEit9fzxGrG05Y7++PJDjCVeOKsy1xuk3EW02VCRfzy1tMrkyBbVXz\nBEPJ/6Nui5DPHbhto8jp0yA+KQg1xdT7vjjyfBzaPuW6MBojy78JgvfYHwptlme1\n86EBakrmk7ac2k1RhL++TMgGphlIfBSt8tHVhwaFBkLPuOBAamDF1stdJBju+4Yu\nCW4Tf5sxz/65AIFj+tlxy9dOvpUE0wdPbVZMMBfY0rgy/nytfBXlfcKHxgC8ItcZ\nAU4wwT5PSomh2iu2EPjl7eex9/BQMMLlNVvzL0jQUTk+WMG0/YYSGtmJGXxklaYr\nv8AOOG1DFblwkYbt6hURuwtACZPmb0ch3Ltw4XZxz0RI2QeJARR7agTjAacNOke5\nQRhVpn/p+0hIWCEOYL1rRKpSOhXg3X0i3YNZLcgxVaNzjVlTLbuM7ULJ2wXmjHyw\nEFfFUJcp0rRlo8culM7Z29r2fvQDMlhyC0tH7Of1AZaVjoh37ZCd/55KJ2PICvFk\ne8ErzTz/dISu2Co2Up0luAC1dpySRb23Q7nLzj8epphGIZuMjGNnMC0oX1As6358\neJEAAAc4/PLjZPzy42QAAAAHc3NoLXJzYQAAAgEA6V6LritsXvVUipOGR9aS1Jd+\nMCBfxgK/UyOnu2MrFtMRpSr4a1ntRaLS0HScQwk/wIhkJ6zezTeCpyL/O04zQzBB\ncsxvHewJOqxN4pg+e5FiUQKT6pYEit9fzxGrG05Y7++PJDjCVeOKsy1xuk3EW02V\nCRfzy1tMrkyBbVXzBEPJ/6Nui5DPHbhto8jp0yA+KQg1xdT7vjjyfBzaPuW6MBoj\ny78JgvfYHwptlme186EBakrmk7ac2k1RhL++TMgGphlIfBSt8tHVhwaFBkLPuOBA\namDF1stdJBju+4YuCW4Tf5sxz/65AIFj+tlxy9dOvpUE0wdPbVZMMBfY0rgy/nyt\nfBXlfcKHxgC8ItcZAU4wwT5PSomh2iu2EPjl7eex9/BQMMLlNVvzL0jQUTk+WMG0\n/YYSGtmJGXxklaYrv8AOOG1DFblwkYbt6hURuwtACZPmb0ch3Ltw4XZxz0RI2QeJ\nARR7agTjAacNOke5QRhVpn/p+0hIWCEOYL1rRKpSOhXg3X0i3YNZLcgxVaNzjVlT\nLbuM7ULJ2wXmjHywEFfFUJcp0rRlo8culM7Z29r2fvQDMlhyC0tH7Of1AZaVjoh3\n7ZCd/55KJ2PICvFke8ErzTz/dISu2Co2Up0luAC1dpySRb23Q7nLzj8epphGIZuM\njGNnMC0oX1As6358eJEAAAADAQABAAACAQCSCQMZq7y2M4mC6kxmWgUqGd7yWN/1\n9jQp368P2T/WmaB6Hki0TOLo57pKjh5W6MvHPNKH7WrDOtB8rK7ROt9jVSgvoXSL\nYfBokfhvKtw20USX8ygC7XvMN3oqByFvBfkrtFp7zTT3MFvUQkTf09hjVkpEFYQP\nJoP2spNvixB3A8C9Q1Vi6uxg6c9aZdjEsHGVlbioot4iLFq5hgigwXtgrIrn7hUS\nquvIiOsI6r92xLMxA8wEdYr0JNw1WRPJ0oYunLW6R+qOf/bB9zd5MofwZgyJRSOo\nhTw04ZFzPoVCi2qSONjUEs9MXKvnBvlqGMMDChepwvJWNmGY2uNpAbGOUwrs7/QF\neNV0vcyYyXuFGGKEJEC751suSHhU5MUDFOz2vce5chzqMdwrACD472hS1nloAnSQ\nyIOqxH90eTrRpxbnK2RafYsXeCh4vzSlybqjZECB0DOwP0hdqg7YG4rgfMy0Aggy\nAJJPmODtiOUFRNOQdmApp3i4YpMhf4MTN6FNcOgDL90m8uLM/r1XQ0DbOM9Y/sNh\nBYxjPIMVeXGZ3+fvJLkOx9WKLFe1PRo7itwL6UONNTBS3RTlYSoEPJJMMa6ECczn\n7tx0n6LI/sgziJqHpWYr/OevRLq2ICFVfrznBzAvdNtAj/0kDvph87xVvmiQrxLB\nJN+xfbmXy9vnUQAAAQEA51E8JqAFSOqoNMqG36wDimtjDQyg0OdVPHLNLy+LslRZ\njCtPKFSO73rDDRuRNtx1EXq6PlscrYLb2okiM6rtqzMZajxj+YHVo2eFSO/vij94\nFdBEZ8t7j28qR/ScChTJhOyDi+hlpM6fNbcm/Su4y96djNevuPU0uoJI+0gfN8Qt\nZLKhHOsm6pjh8a5GayJ2V/UK4MPzYaXs8OxLcMWFNFlfAso5l9EQT9GpkQ6Ioosz\n9lzooc3Bwx0LSIKSmuahsowd04Ye/zfi8hZhRYxqqt/CN1cksFteBBwiPavrauQC\ndhddzj6OfimJkAvHBXZ6Z1d0uztP34r8X0fulabgIQAAAQEA+zOrej/lqE1Wgmr+\nhCIHqsNIe91aujWboy4nUPJSZoa35SpsWPNNILznHkigaCuFN1m9XLQTwCsDuU5/\nflTV01/PM0iCZ1zYDPuz62Mxg8c0YXCVyZanz4Ujj21yaku7vwBWCugfI6txLf/2\nO8mRtzIKLbH0AZNr1J6Of26iJIEcsaCDZaGZbuUO7e6rawgYLZbSJ075lKLcN5Gm\n7y3KRXNzJPQi+tnRlumC+K0GigN14ymSTdZoyVblzlmcfVDXGZ+xTYFRBUljhTVy\nJLKpi8+tf4WymFwrqrxiK2xE1AguIzj4iYyhtEEsy7cV1cgQu7GHGzszIqhsDgjL\n+vQT/QAAAQEA7dOtmJnUxYWNB7GcouNojQbVbt/5SQ7wDU41EVopdAXEhiEFkKNl\nkGwkBZODWI855UEWIJZOYOtbev/oeIGIhxK1pFlu33W6N7XRkKnhbHP2jmca4sO9\nYhHmn8JDQYdV+i4jZtU9zcIQ2wbL2O8NuBz0YXIsscPMlhK5ZnoC/fBk6FJUNmB7\noRYYNrZCK9WtwKJikdYeuIygWv+L+tDpS+FsaGOx2qP1rr6LyTUDRvOuBvjVVtWv\n62r94tkEBBKeLVP7qmVzB5AaNIHAW/o8OK4p/YWiUXlbFymfE+nRKDR49PMph3iL\nt3cxK82uuMC2EGly72X7zrATVaXFWr95JQAAAAAB\n-----END OPENSSH PRIVATE KEY-----\n",
            "private_key_pem": "-----BEGIN RSA PRIVATE KEY-----\nMIIJKwIBAAKCAgEA6V6LritsXvVUipOGR9aS1Jd+MCBfxgK/UyOnu2MrFtMRpSr4\na1ntRaLS0HScQwk/wIhkJ6zezTeCpyL/O04zQzBBcsxvHewJOqxN4pg+e5FiUQKT\n6pYEit9fzxGrG05Y7++PJDjCVeOKsy1xuk3EW02VCRfzy1tMrkyBbVXzBEPJ/6Nu\ni5DPHbhto8jp0yA+KQg1xdT7vjjyfBzaPuW6MBojy78JgvfYHwptlme186EBakrm\nk7ac2k1RhL++TMgGphlIfBSt8tHVhwaFBkLPuOBAamDF1stdJBju+4YuCW4Tf5sx\nz/65AIFj+tlxy9dOvpUE0wdPbVZMMBfY0rgy/nytfBXlfcKHxgC8ItcZAU4wwT5P\nSomh2iu2EPjl7eex9/BQMMLlNVvzL0jQUTk+WMG0/YYSGtmJGXxklaYrv8AOOG1D\nFblwkYbt6hURuwtACZPmb0ch3Ltw4XZxz0RI2QeJARR7agTjAacNOke5QRhVpn/p\n+0hIWCEOYL1rRKpSOhXg3X0i3YNZLcgxVaNzjVlTLbuM7ULJ2wXmjHywEFfFUJcp\n0rRlo8culM7Z29r2fvQDMlhyC0tH7Of1AZaVjoh37ZCd/55KJ2PICvFke8ErzTz/\ndISu2Co2Up0luAC1dpySRb23Q7nLzj8epphGIZuMjGNnMC0oX1As6358eJECAwEA\nAQKCAgEAkgkDGau8tjOJgupMZloFKhne8ljf9fY0Kd+vD9k/1pmgeh5ItEzi6Oe6\nSo4eVujLxzzSh+1qwzrQfKyu0TrfY1UoL6F0i2HwaJH4byrcNtFEl/MoAu17zDd6\nKgchbwX5K7Rae8009zBb1EJE39PYY1ZKRBWEDyaD9rKTb4sQdwPAvUNVYursYOnP\nWmXYxLBxlZW4qKLeIixauYYIoMF7YKyK5+4VEqrryIjrCOq/dsSzMQPMBHWK9CTc\nNVkTydKGLpy1ukfqjn/2wfc3eTKH8GYMiUUjqIU8NOGRcz6FQotqkjjY1BLPTFyr\n5wb5ahjDAwoXqcLyVjZhmNrjaQGxjlMK7O/0BXjVdL3MmMl7hRhihCRAu+dbLkh4\nVOTFAxTs9r3HuXIc6jHcKwAg+O9oUtZ5aAJ0kMiDqsR/dHk60acW5ytkWn2LF3go\neL80pcm6o2RAgdAzsD9IXaoO2BuK4HzMtAIIMgCST5jg7YjlBUTTkHZgKad4uGKT\nIX+DEzehTXDoAy/dJvLizP69V0NA2zjPWP7DYQWMYzyDFXlxmd/n7yS5DsfViixX\ntT0aO4rcC+lDjTUwUt0U5WEqBDySTDGuhAnM5+7cdJ+iyP7IM4iah6VmK/znr0S6\ntiAhVX685wcwL3TbQI/9JA76YfO8Vb5okK8SwSTfsX25l8vb51ECggEBAPszq3o/\n5ahNVoJq/oQiB6rDSHvdWro1m6MuJ1DyUmaGt+UqbFjzTSC85x5IoGgrhTdZvVy0\nE8ArA7lOf35U1dNfzzNIgmdc2Az7s+tjMYPHNGFwlcmWp8+FI49tcmpLu78AVgro\nHyOrcS3/9jvJkbcyCi2x9AGTa9Sejn9uoiSBHLGgg2WhmW7lDu3uq2sIGC2W0idO\n+ZSi3DeRpu8tykVzcyT0IvrZ0ZbpgvitBooDdeMpkk3WaMlW5c5ZnH1Q1xmfsU2B\nUQVJY4U1ciSyqYvPrX+FsphcK6q8YitsRNQILiM4+ImMobRBLMu3FdXIELuxhxs7\nMyKobA4Iy/r0E/0CggEBAO3TrZiZ1MWFjQexnKLjaI0G1W7f+UkO8A1ONRFaKXQF\nxIYhBZCjZZBsJAWTg1iPOeVBFiCWTmDrW3r/6HiBiIcStaRZbt91uje10ZCp4Wxz\n9o5nGuLDvWIR5p/CQ0GHVfouI2bVPc3CENsGy9jvDbgc9GFyLLHDzJYSuWZ6Av3w\nZOhSVDZge6EWGDa2QivVrcCiYpHWHriMoFr/i/rQ6UvhbGhjsdqj9a6+i8k1A0bz\nrgb41VbVr+tq/eLZBAQSni1T+6plcweQGjSBwFv6PDiuKf2FolF5WxcpnxPp0Sg0\nePTzKYd4i7d3MSvNrrjAthBpcu9l+86wE1WlxVq/eSUCggEBAMnKegecaLpIViQy\nGv6973bHpOSLrqRDCCGPo9msr3DY68TVzW+vEtgnp2l2YhUMUNlj53Ae4HbQlw82\n9cfgElzYbDQAHXE27f+P+rouVspLLdLQhCMKOQfFJgnDm9Ozvr/yXywnx0v6HtMa\n+QySIdIOCosmlqLlcAu+yy2nC+1TIl+2V5c+t2iT7OhJf75dJD8LFwqosGksYsbo\n5Dbii8g6s9aNn8PvUiRutN1a8RPRL9QpwvNwN4D1o2meJs2sMP7Of7mJFjKu/5k0\nk9rTAsvjKrZ0CkHGWPWwmxPSx3+kipuU2mJ0bDnG2VtUWd//9SExvRys86j1rsef\nXWzcwWkCggEBAKhXPjiXIrGRn8sDYIE4AMhaPvdVWEnrZeW1JwEaVd9HOd1LQHop\n/nkk4raDvOQRtYRd9sCoQ+B8l+tPewjZf39EsggcOcu4tFA8xZLlfKfcyXfw6Wn7\n7XCehSUuR5b5qdUFlY9zf2TGalHu1JnAVHCvJhhXzeUiWA0eQdeUo8uFvpdnty4q\nSzgxwH/xsJMAlBWXm7fo3SP6foMLAdVOzOQmMysM7lZ52iyPubh5atFtKRDMT45A\ngV5dBErvG9WaLBafrLLnTm3bBYGHGlbAoKHqPdSzI7sR8HVLw8s/pQoVYkzYVdwL\narI5jzeXRoaF+hlR2sYz5PJfVcA5L6HViHUCggEBAOdRPCagBUjqqDTKht+sA4pr\nYw0MoNDnVTxyzS8vi7JUWYwrTyhUju96ww0bkTbcdRF6uj5bHK2C29qJIjOq7asz\nGWo8Y/mB1aNnhUjv74o/eBXQRGfLe49vKkf0nAoUyYTsg4voZaTOnzW3Jv0ruMve\nnYzXr7j1NLqCSPtIHzfELWSyoRzrJuqY4fGuRmsidlf1CuDD82Gl7PDsS3DFhTRZ\nXwLKOZfREE/RqZEOiKKLM/Zc6KHNwcMdC0iCkprmobKMHdOGHv834vIWYUWMaqrf\nwjdXJLBbXgQcIj2r62rkAnYXXc4+jn4piZALxwV2emdXdLs7T9+K/F9H7pWm4CE=\n-----END RSA PRIVATE KEY-----\n",
            "private_key_pem_pkcs8": "-----BEGIN PRIVATE KEY-----\nMIIJRQIBADANBgkqhkiG9w0BAQEFAASCCS8wggkrAgEAAoICAQDpXouuK2xe9VSK\nk4ZH1pLUl34wIF/GAr9TI6e7YysW0xGlKvhrWe1FotLQdJxDCT/AiGQnrN7NN4Kn\nIv87TjNDMEFyzG8d7Ak6rE3imD57kWJRApPqlgSK31/PEasbTljv748kOMJV44qz\nLXG6TcRbTZUJF/PLW0yuTIFtVfMEQ8n/o26LkM8duG2jyOnTID4pCDXF1Pu+OPJ8\nHNo+5bowGiPLvwmC99gfCm2WZ7XzoQFqSuaTtpzaTVGEv75MyAamGUh8FK3y0dWH\nBoUGQs+44EBqYMXWy10kGO77hi4JbhN/mzHP/rkAgWP62XHL106+lQTTB09tVkww\nF9jSuDL+fK18FeV9wofGALwi1xkBTjDBPk9KiaHaK7YQ+OXt57H38FAwwuU1W/Mv\nSNBROT5YwbT9hhIa2YkZfGSVpiu/wA44bUMVuXCRhu3qFRG7C0AJk+ZvRyHcu3Dh\ndnHPREjZB4kBFHtqBOMBpw06R7lBGFWmf+n7SEhYIQ5gvWtEqlI6FeDdfSLdg1kt\nyDFVo3ONWVMtu4ztQsnbBeaMfLAQV8VQlynStGWjxy6Uztnb2vZ+9AMyWHILS0fs\n5/UBlpWOiHftkJ3/nkonY8gK8WR7wSvNPP90hK7YKjZSnSW4ALV2nJJFvbdDucvO\nPx6mmEYhm4yMY2cwLShfUCzrfnx4kQIDAQABAoICAQCSCQMZq7y2M4mC6kxmWgUq\nGd7yWN/19jQp368P2T/WmaB6Hki0TOLo57pKjh5W6MvHPNKH7WrDOtB8rK7ROt9j\nVSgvoXSLYfBokfhvKtw20USX8ygC7XvMN3oqByFvBfkrtFp7zTT3MFvUQkTf09hj\nVkpEFYQPJoP2spNvixB3A8C9Q1Vi6uxg6c9aZdjEsHGVlbioot4iLFq5hgigwXtg\nrIrn7hUSquvIiOsI6r92xLMxA8wEdYr0JNw1WRPJ0oYunLW6R+qOf/bB9zd5Mofw\nZgyJRSOohTw04ZFzPoVCi2qSONjUEs9MXKvnBvlqGMMDChepwvJWNmGY2uNpAbGO\nUwrs7/QFeNV0vcyYyXuFGGKEJEC751suSHhU5MUDFOz2vce5chzqMdwrACD472hS\n1nloAnSQyIOqxH90eTrRpxbnK2RafYsXeCh4vzSlybqjZECB0DOwP0hdqg7YG4rg\nfMy0AggyAJJPmODtiOUFRNOQdmApp3i4YpMhf4MTN6FNcOgDL90m8uLM/r1XQ0Db\nOM9Y/sNhBYxjPIMVeXGZ3+fvJLkOx9WKLFe1PRo7itwL6UONNTBS3RTlYSoEPJJM\nMa6ECczn7tx0n6LI/sgziJqHpWYr/OevRLq2ICFVfrznBzAvdNtAj/0kDvph87xV\nvmiQrxLBJN+xfbmXy9vnUQKCAQEA+zOrej/lqE1Wgmr+hCIHqsNIe91aujWboy4n\nUPJSZoa35SpsWPNNILznHkigaCuFN1m9XLQTwCsDuU5/flTV01/PM0iCZ1zYDPuz\n62Mxg8c0YXCVyZanz4Ujj21yaku7vwBWCugfI6txLf/2O8mRtzIKLbH0AZNr1J6O\nf26iJIEcsaCDZaGZbuUO7e6rawgYLZbSJ075lKLcN5Gm7y3KRXNzJPQi+tnRlumC\n+K0GigN14ymSTdZoyVblzlmcfVDXGZ+xTYFRBUljhTVyJLKpi8+tf4WymFwrqrxi\nK2xE1AguIzj4iYyhtEEsy7cV1cgQu7GHGzszIqhsDgjL+vQT/QKCAQEA7dOtmJnU\nxYWNB7GcouNojQbVbt/5SQ7wDU41EVopdAXEhiEFkKNlkGwkBZODWI855UEWIJZO\nYOtbev/oeIGIhxK1pFlu33W6N7XRkKnhbHP2jmca4sO9YhHmn8JDQYdV+i4jZtU9\nzcIQ2wbL2O8NuBz0YXIsscPMlhK5ZnoC/fBk6FJUNmB7oRYYNrZCK9WtwKJikdYe\nuIygWv+L+tDpS+FsaGOx2qP1rr6LyTUDRvOuBvjVVtWv62r94tkEBBKeLVP7qmVz\nB5AaNIHAW/o8OK4p/YWiUXlbFymfE+nRKDR49PMph3iLt3cxK82uuMC2EGly72X7\nzrATVaXFWr95JQKCAQEAycp6B5xoukhWJDIa/r3vdsek5IuupEMIIY+j2ayvcNjr\nxNXNb68S2CenaXZiFQxQ2WPncB7gdtCXDzb1x+ASXNhsNAAdcTbt/4/6ui5Wykst\n0tCEIwo5B8UmCcOb07O+v/JfLCfHS/oe0xr5DJIh0g4KiyaWouVwC77LLacL7VMi\nX7ZXlz63aJPs6El/vl0kPwsXCqiwaSxixujkNuKLyDqz1o2fw+9SJG603VrxE9Ev\n1CnC83A3gPWjaZ4mzaww/s5/uYkWMq7/mTST2tMCy+MqtnQKQcZY9bCbE9LHf6SK\nm5TaYnRsOcbZW1RZ3//1ITG9HKzzqPWux59dbNzBaQKCAQEAqFc+OJcisZGfywNg\ngTgAyFo+91VYSetl5bUnARpV30c53UtAein+eSTitoO85BG1hF32wKhD4HyX6097\nCNl/f0SyCBw5y7i0UDzFkuV8p9zJd/DpafvtcJ6FJS5Hlvmp1QWVj3N/ZMZqUe7U\nmcBUcK8mGFfN5SJYDR5B15Sjy4W+l2e3LipLODHAf/GwkwCUFZebt+jdI/p+gwsB\n1U7M5CYzKwzuVnnaLI+5uHlq0W0pEMxPjkCBXl0ESu8b1ZosFp+ssudObdsFgYca\nVsCgoeo91LMjuxHwdUvDyz+lChViTNhV3AtqsjmPN5dGhoX6GVHaxjPk8l9VwDkv\nodWIdQKCAQEA51E8JqAFSOqoNMqG36wDimtjDQyg0OdVPHLNLy+LslRZjCtPKFSO\n73rDDRuRNtx1EXq6PlscrYLb2okiM6rtqzMZajxj+YHVo2eFSO/vij94FdBEZ8t7\nj28qR/ScChTJhOyDi+hlpM6fNbcm/Su4y96djNevuPU0uoJI+0gfN8QtZLKhHOsm\n6pjh8a5GayJ2V/UK4MPzYaXs8OxLcMWFNFlfAso5l9EQT9GpkQ6Ioosz9lzooc3B\nwx0LSIKSmuahsowd04Ye/zfi8hZhRYxqqt/CN1cksFteBBwiPavrauQCdhddzj6O\nfimJkAvHBXZ6Z1d0uztP34r8X0fulabgIQ==\n-----END PRIVATE KEY-----\n",
            "public_key_fingerprint_md5": "5f:44:2e:88:2a:aa:65:5f:78:f6:8a:dd:38:8e:20:64",
            "public_key_fingerprint_sha256": "SHA256:ogxg2jXvyQk2e8H5S4IJZAPEisiu0h+fvNl3lC2fwgM",
            "public_key_openssh": "ssh-rsa AAAAB3NzaC1yc2EAAAADAQABAAACAQDpXouuK2xe9VSKk4ZH1pLUl34wIF/GAr9TI6e7YysW0xGlKvhrWe1FotLQdJxDCT/AiGQnrN7NN4KnIv87TjNDMEFyzG8d7Ak6rE3imD57kWJRApPqlgSK31/PEasbTljv748kOMJV44qzLXG6TcRbTZUJF/PLW0yuTIFtVfMEQ8n/o26LkM8duG2jyOnTID4pCDXF1Pu+OPJ8HNo+5bowGiPLvwmC99gfCm2WZ7XzoQFqSuaTtpzaTVGEv75MyAamGUh8FK3y0dWHBoUGQs+44EBqYMXWy10kGO77hi4JbhN/mzHP/rkAgWP62XHL106+lQTTB09tVkwwF9jSuDL+fK18FeV9wofGALwi1xkBTjDBPk9KiaHaK7YQ+OXt57H38FAwwuU1W/MvSNBROT5YwbT9hhIa2YkZfGSVpiu/wA44bUMVuXCRhu3qFRG7C0AJk+ZvRyHcu3DhdnHPREjZB4kBFHtqBOMBpw06R7lBGFWmf+n7SEhYIQ5gvWtEqlI6FeDdfSLdg1ktyDFVo3ONWVMtu4ztQsnbBeaMfLAQV8VQlynStGWjxy6Uztnb2vZ+9AMyWHILS0fs5/UBlpWOiHftkJ3/nkonY8gK8WR7wSvNPP90hK7YKjZSnSW4ALV2nJJFvbdDucvOPx6mmEYhm4yMY2cwLShfUCzrfnx4kQ==\n",
            "public_key_pem": "-----BEGIN PUBLIC KEY-----\nMIICIjANBgkqhkiG9w0BAQEFAAOCAg8AMIICCgKCAgEA6V6LritsXvVUipOGR9aS\n1Jd+MCBfxgK/UyOnu2MrFtMRpSr4a1ntRaLS0HScQwk/wIhkJ6zezTeCpyL/O04z\nQzBBcsxvHewJOqxN4pg+e5FiUQKT6pYEit9fzxGrG05Y7++PJDjCVeOKsy1xuk3E\nW02VCRfzy1tMrkyBbVXzBEPJ/6Nui5DPHbhto8jp0yA+KQg1xdT7vjjyfBzaPuW6\nMBojy78JgvfYHwptlme186EBakrmk7ac2k1RhL++TMgGphlIfBSt8tHVhwaFBkLP\nuOBAamDF1stdJBju+4YuCW4Tf5sxz/65AIFj+tlxy9dOvpUE0wdPbVZMMBfY0rgy\n/nytfBXlfcKHxgC8ItcZAU4wwT5PSomh2iu2EPjl7eex9/BQMMLlNVvzL0jQUTk+\nWMG0/YYSGtmJGXxklaYrv8AOOG1DFblwkYbt6hURuwtACZPmb0ch3Ltw4XZxz0RI\n2QeJARR7agTjAacNOke5QRhVpn/p+0hIWCEOYL1rRKpSOhXg3X0i3YNZLcgxVaNz\njVlTLbuM7ULJ2wXmjHywEFfFUJcp0rRlo8culM7Z29r2fvQDMlhyC0tH7Of1AZaV\njoh37ZCd/55KJ2PICvFke8ErzTz/dISu2Co2Up0luAC1dpySRb23Q7nLzj8epphG\nIZuMjGNnMC0oX1As6358eJECAwEAAQ==\n-----END PUBLIC KEY-----\n",
            "rsa_bits": 4096
          },
          "sensitive_attributes": [
            [
              {
                "type": "get_attr",
                "value": "private_key_pem"
              }
            ],
            [
              {
                "type": "get_attr",
                "value": "private_key_openssh"
              }
            ],
            [
              {
                "type": "get_attr",
                "value": "private_key_pem_pkcs8"
              }
            ]
          ]
        }
      ]
    }
  ],
  "check_results": null
}
